// !$*UTF8*$!
{
	archiveVersion = 1;
	classes = {
	};
	objectVersion = 50;
	objects = {

/* Begin PBXBuildFile section */
		8454F57625894C1100F45F40 /* AppDelegate.swift in Sources */ = {isa = PBXBuildFile; fileRef = 8454F57525894C1100F45F40 /* AppDelegate.swift */; };
		8454F57825894C1100F45F40 /* SceneDelegate.swift in Sources */ = {isa = PBXBuildFile; fileRef = 8454F57725894C1100F45F40 /* SceneDelegate.swift */; };
		8454F57D25894C1100F45F40 /* Main.storyboard in Resources */ = {isa = PBXBuildFile; fileRef = 8454F57B25894C1100F45F40 /* Main.storyboard */; };
		8454F58025894C1100F45F40 /* MyWeather.xcdatamodeld in Sources */ = {isa = PBXBuildFile; fileRef = 8454F57E25894C1100F45F40 /* MyWeather.xcdatamodeld */; };
		8454F58225894C1300F45F40 /* Assets.xcassets in Resources */ = {isa = PBXBuildFile; fileRef = 8454F58125894C1300F45F40 /* Assets.xcassets */; };
		8454F58525894C1300F45F40 /* LaunchScreen.storyboard in Resources */ = {isa = PBXBuildFile; fileRef = 8454F58325894C1300F45F40 /* LaunchScreen.storyboard */; };
		8454F59425895F0300F45F40 /* LocationTableViewController.swift in Sources */ = {isa = PBXBuildFile; fileRef = 8454F59325895F0300F45F40 /* LocationTableViewController.swift */; };
		8454F59A25895FAA00F45F40 /* LocationTableViewCell.swift in Sources */ = {isa = PBXBuildFile; fileRef = 8454F59925895FAA00F45F40 /* LocationTableViewCell.swift */; };
		8454F59F2589602B00F45F40 /* WeatherViewController.swift in Sources */ = {isa = PBXBuildFile; fileRef = 8454F59E2589602B00F45F40 /* WeatherViewController.swift */; };
		8454F5A3258BD25A00F45F40 /* CityWeatherData.swift in Sources */ = {isa = PBXBuildFile; fileRef = 8454F5A2258BD25A00F45F40 /* CityWeatherData.swift */; };
		8454F5A9258BE15C00F45F40 /* NetworkManager.swift in Sources */ = {isa = PBXBuildFile; fileRef = 8454F5A8258BE15C00F45F40 /* NetworkManager.swift */; };
		8454F5BE258F74EC00F45F40 /* CityWeather.swift in Sources */ = {isa = PBXBuildFile; fileRef = 8454F5BD258F74EC00F45F40 /* CityWeather.swift */; };
		8454F5C1258FB4EE00F45F40 /* DataManager.swift in Sources */ = {isa = PBXBuildFile; fileRef = 8454F5C0258FB4EE00F45F40 /* DataManager.swift */; };
		8454F5C62593AE0400F45F40 /* WeatherCollectionViewCell.swift in Sources */ = {isa = PBXBuildFile; fileRef = 8454F5C52593AE0300F45F40 /* WeatherCollectionViewCell.swift */; };
/* End PBXBuildFile section */

/* Begin PBXFileReference section */
		8454F57225894C1100F45F40 /* MyWeather.app */ = {isa = PBXFileReference; explicitFileType = wrapper.application; includeInIndex = 0; path = MyWeather.app; sourceTree = BUILT_PRODUCTS_DIR; };
		8454F57525894C1100F45F40 /* AppDelegate.swift */ = {isa = PBXFileReference; lastKnownFileType = sourcecode.swift; path = AppDelegate.swift; sourceTree = "<group>"; };
		8454F57725894C1100F45F40 /* SceneDelegate.swift */ = {isa = PBXFileReference; lastKnownFileType = sourcecode.swift; path = SceneDelegate.swift; sourceTree = "<group>"; };
		8454F57C25894C1100F45F40 /* Base */ = {isa = PBXFileReference; lastKnownFileType = file.storyboard; name = Base; path = Base.lproj/Main.storyboard; sourceTree = "<group>"; };
		8454F57F25894C1100F45F40 /* MyWeather.xcdatamodel */ = {isa = PBXFileReference; lastKnownFileType = wrapper.xcdatamodel; path = MyWeather.xcdatamodel; sourceTree = "<group>"; };
		8454F58125894C1300F45F40 /* Assets.xcassets */ = {isa = PBXFileReference; lastKnownFileType = folder.assetcatalog; path = Assets.xcassets; sourceTree = "<group>"; };
		8454F58425894C1300F45F40 /* Base */ = {isa = PBXFileReference; lastKnownFileType = file.storyboard; name = Base; path = Base.lproj/LaunchScreen.storyboard; sourceTree = "<group>"; };
		8454F58625894C1300F45F40 /* Info.plist */ = {isa = PBXFileReference; lastKnownFileType = text.plist.xml; path = Info.plist; sourceTree = "<group>"; };
		8454F59325895F0300F45F40 /* LocationTableViewController.swift */ = {isa = PBXFileReference; lastKnownFileType = sourcecode.swift; path = LocationTableViewController.swift; sourceTree = "<group>"; };
		8454F59925895FAA00F45F40 /* LocationTableViewCell.swift */ = {isa = PBXFileReference; lastKnownFileType = sourcecode.swift; path = LocationTableViewCell.swift; sourceTree = "<group>"; };
		8454F59E2589602B00F45F40 /* WeatherViewController.swift */ = {isa = PBXFileReference; lastKnownFileType = sourcecode.swift; path = WeatherViewController.swift; sourceTree = "<group>"; };
		8454F5A2258BD25A00F45F40 /* CityWeatherData.swift */ = {isa = PBXFileReference; lastKnownFileType = sourcecode.swift; path = CityWeatherData.swift; sourceTree = "<group>"; };
		8454F5A8258BE15C00F45F40 /* NetworkManager.swift */ = {isa = PBXFileReference; lastKnownFileType = sourcecode.swift; path = NetworkManager.swift; sourceTree = "<group>"; };
		8454F5BD258F74EC00F45F40 /* CityWeather.swift */ = {isa = PBXFileReference; lastKnownFileType = sourcecode.swift; path = CityWeather.swift; sourceTree = "<group>"; };
		8454F5C0258FB4EE00F45F40 /* DataManager.swift */ = {isa = PBXFileReference; lastKnownFileType = sourcecode.swift; path = DataManager.swift; sourceTree = "<group>"; };
		8454F5C52593AE0300F45F40 /* WeatherCollectionViewCell.swift */ = {isa = PBXFileReference; lastKnownFileType = sourcecode.swift; path = WeatherCollectionViewCell.swift; sourceTree = "<group>"; };
/* End PBXFileReference section */

/* Begin PBXFrameworksBuildPhase section */
		8454F56F25894C1100F45F40 /* Frameworks */ = {
			isa = PBXFrameworksBuildPhase;
			buildActionMask = 2147483647;
			files = (
			);
			runOnlyForDeploymentPostprocessing = 0;
		};
/* End PBXFrameworksBuildPhase section */

/* Begin PBXGroup section */
		8454F56925894C1100F45F40 = {
			isa = PBXGroup;
			children = (
				8454F57425894C1100F45F40 /* MyWeather */,
				8454F57325894C1100F45F40 /* Products */,
			);
			sourceTree = "<group>";
		};
		8454F57325894C1100F45F40 /* Products */ = {
			isa = PBXGroup;
			children = (
				8454F57225894C1100F45F40 /* MyWeather.app */,
			);
			name = Products;
			sourceTree = "<group>";
		};
		8454F57425894C1100F45F40 /* MyWeather */ = {
			isa = PBXGroup;
			children = (
				8454F58D25894C5000F45F40 /* Application */,
				8454F5A5258BD26200F45F40 /* Model */,
				8454F58E25894C6400F45F40 /* ViewControllers */,
				8454F58F25894C7D00F45F40 /* Storyboards */,
				8454F5AB258BE16E00F45F40 /* Managers */,
				8454F58125894C1300F45F40 /* Assets.xcassets */,
				8454F58625894C1300F45F40 /* Info.plist */,
				8454F57E25894C1100F45F40 /* MyWeather.xcdatamodeld */,
			);
			path = MyWeather;
			sourceTree = "<group>";
		};
		8454F58D25894C5000F45F40 /* Application */ = {
			isa = PBXGroup;
			children = (
				8454F57525894C1100F45F40 /* AppDelegate.swift */,
				8454F57725894C1100F45F40 /* SceneDelegate.swift */,
			);
			path = Application;
			sourceTree = "<group>";
		};
		8454F58E25894C6400F45F40 /* ViewControllers */ = {
			isa = PBXGroup;
			children = (
				8454F59325895F0300F45F40 /* LocationTableViewController.swift */,
				8454F59E2589602B00F45F40 /* WeatherViewController.swift */,
				8454F59C25895FAF00F45F40 /* View */,
			);
			path = ViewControllers;
			sourceTree = "<group>";
		};
		8454F58F25894C7D00F45F40 /* Storyboards */ = {
			isa = PBXGroup;
			children = (
				8454F57B25894C1100F45F40 /* Main.storyboard */,
				8454F58325894C1300F45F40 /* LaunchScreen.storyboard */,
			);
			path = Storyboards;
			sourceTree = "<group>";
		};
		8454F59C25895FAF00F45F40 /* View */ = {
			isa = PBXGroup;
			children = (
				8454F59925895FAA00F45F40 /* LocationTableViewCell.swift */,
				8454F5C52593AE0300F45F40 /* WeatherCollectionViewCell.swift */,
			);
			path = View;
			sourceTree = "<group>";
		};
		8454F5A5258BD26200F45F40 /* Model */ = {
			isa = PBXGroup;
			children = (
				8454F5A2258BD25A00F45F40 /* CityWeatherData.swift */,
				8454F5BD258F74EC00F45F40 /* CityWeather.swift */,
			);
			path = Model;
			sourceTree = "<group>";
		};
		8454F5AB258BE16E00F45F40 /* Managers */ = {
			isa = PBXGroup;
			children = (
				8454F5A8258BE15C00F45F40 /* NetworkManager.swift */,
				8454F5C0258FB4EE00F45F40 /* DataManager.swift */,
			);
			path = Managers;
			sourceTree = "<group>";
		};
/* End PBXGroup section */

/* Begin PBXNativeTarget section */
		8454F57125894C1100F45F40 /* MyWeather */ = {
			isa = PBXNativeTarget;
			buildConfigurationList = 8454F58925894C1300F45F40 /* Build configuration list for PBXNativeTarget "MyWeather" */;
			buildPhases = (
				8454F56E25894C1100F45F40 /* Sources */,
				8454F56F25894C1100F45F40 /* Frameworks */,
				8454F57025894C1100F45F40 /* Resources */,
			);
			buildRules = (
			);
			dependencies = (
			);
			name = MyWeather;
			productName = MyWeather;
			productReference = 8454F57225894C1100F45F40 /* MyWeather.app */;
			productType = "com.apple.product-type.application";
		};
/* End PBXNativeTarget section */

/* Begin PBXProject section */
		8454F56A25894C1100F45F40 /* Project object */ = {
			isa = PBXProject;
			attributes = {
				LastSwiftUpdateCheck = 1220;
				LastUpgradeCheck = 1220;
				TargetAttributes = {
					8454F57125894C1100F45F40 = {
						CreatedOnToolsVersion = 12.2;
					};
				};
			};
			buildConfigurationList = 8454F56D25894C1100F45F40 /* Build configuration list for PBXProject "MyWeather" */;
			compatibilityVersion = "Xcode 9.3";
			developmentRegion = en;
			hasScannedForEncodings = 0;
			knownRegions = (
				en,
				Base,
			);
			mainGroup = 8454F56925894C1100F45F40;
			productRefGroup = 8454F57325894C1100F45F40 /* Products */;
			projectDirPath = "";
			projectRoot = "";
			targets = (
				8454F57125894C1100F45F40 /* MyWeather */,
			);
		};
/* End PBXProject section */

/* Begin PBXResourcesBuildPhase section */
		8454F57025894C1100F45F40 /* Resources */ = {
			isa = PBXResourcesBuildPhase;
			buildActionMask = 2147483647;
			files = (
				8454F58525894C1300F45F40 /* LaunchScreen.storyboard in Resources */,
				8454F58225894C1300F45F40 /* Assets.xcassets in Resources */,
				8454F57D25894C1100F45F40 /* Main.storyboard in Resources */,
			);
			runOnlyForDeploymentPostprocessing = 0;
		};
/* End PBXResourcesBuildPhase section */

/* Begin PBXSourcesBuildPhase section */
		8454F56E25894C1100F45F40 /* Sources */ = {
			isa = PBXSourcesBuildPhase;
			buildActionMask = 2147483647;
			files = (
				8454F5BE258F74EC00F45F40 /* CityWeather.swift in Sources */,
				8454F5C1258FB4EE00F45F40 /* DataManager.swift in Sources */,
				8454F5C62593AE0400F45F40 /* WeatherCollectionViewCell.swift in Sources */,
				8454F59A25895FAA00F45F40 /* LocationTableViewCell.swift in Sources */,
				8454F59425895F0300F45F40 /* LocationTableViewController.swift in Sources */,
				8454F58025894C1100F45F40 /* MyWeather.xcdatamodeld in Sources */,
				8454F59F2589602B00F45F40 /* WeatherViewController.swift in Sources */,
				8454F5A9258BE15C00F45F40 /* NetworkManager.swift in Sources */,
				8454F57625894C1100F45F40 /* AppDelegate.swift in Sources */,
				8454F57825894C1100F45F40 /* SceneDelegate.swift in Sources */,
				8454F5A3258BD25A00F45F40 /* CityWeatherData.swift in Sources */,
			);
			runOnlyForDeploymentPostprocessing = 0;
		};
/* End PBXSourcesBuildPhase section */

/* Begin PBXVariantGroup section */
		8454F57B25894C1100F45F40 /* Main.storyboard */ = {
			isa = PBXVariantGroup;
			children = (
				8454F57C25894C1100F45F40 /* Base */,
			);
			name = Main.storyboard;
			sourceTree = "<group>";
		};
		8454F58325894C1300F45F40 /* LaunchScreen.storyboard */ = {
			isa = PBXVariantGroup;
			children = (
				8454F58425894C1300F45F40 /* Base */,
			);
			name = LaunchScreen.storyboard;
			sourceTree = "<group>";
		};
/* End PBXVariantGroup section */

/* Begin XCBuildConfiguration section */
		8454F58725894C1300F45F40 /* Debug */ = {
			isa = XCBuildConfiguration;
			buildSettings = {
				ALWAYS_SEARCH_USER_PATHS = NO;
				CLANG_ANALYZER_NONNULL = YES;
				CLANG_ANALYZER_NUMBER_OBJECT_CONVERSION = YES_AGGRESSIVE;
				CLANG_CXX_LANGUAGE_STANDARD = "gnu++14";
				CLANG_CXX_LIBRARY = "libc++";
				CLANG_ENABLE_MODULES = YES;
				CLANG_ENABLE_OBJC_ARC = YES;
				CLANG_ENABLE_OBJC_WEAK = YES;
				CLANG_WARN_BLOCK_CAPTURE_AUTORELEASING = YES;
				CLANG_WARN_BOOL_CONVERSION = YES;
				CLANG_WARN_COMMA = YES;
				CLANG_WARN_CONSTANT_CONVERSION = YES;
				CLANG_WARN_DEPRECATED_OBJC_IMPLEMENTATIONS = YES;
				CLANG_WARN_DIRECT_OBJC_ISA_USAGE = YES_ERROR;
				CLANG_WARN_DOCUMENTATION_COMMENTS = YES;
				CLANG_WARN_EMPTY_BODY = YES;
				CLANG_WARN_ENUM_CONVERSION = YES;
				CLANG_WARN_INFINITE_RECURSION = YES;
				CLANG_WARN_INT_CONVERSION = YES;
				CLANG_WARN_NON_LITERAL_NULL_CONVERSION = YES;
				CLANG_WARN_OBJC_IMPLICIT_RETAIN_SELF = YES;
				CLANG_WARN_OBJC_LITERAL_CONVERSION = YES;
				CLANG_WARN_OBJC_ROOT_CLASS = YES_ERROR;
				CLANG_WARN_QUOTED_INCLUDE_IN_FRAMEWORK_HEADER = YES;
				CLANG_WARN_RANGE_LOOP_ANALYSIS = YES;
				CLANG_WARN_STRICT_PROTOTYPES = YES;
				CLANG_WARN_SUSPICIOUS_MOVE = YES;
				CLANG_WARN_UNGUARDED_AVAILABILITY = YES_AGGRESSIVE;
				CLANG_WARN_UNREACHABLE_CODE = YES;
				CLANG_WARN__DUPLICATE_METHOD_MATCH = YES;
				COPY_PHASE_STRIP = NO;
				DEBUG_INFORMATION_FORMAT = dwarf;
				ENABLE_STRICT_OBJC_MSGSEND = YES;
				ENABLE_TESTABILITY = YES;
				GCC_C_LANGUAGE_STANDARD = gnu11;
				GCC_DYNAMIC_NO_PIC = NO;
				GCC_NO_COMMON_BLOCKS = YES;
				GCC_OPTIMIZATION_LEVEL = 0;
				GCC_PREPROCESSOR_DEFINITIONS = (
					"DEBUG=1",
					"$(inherited)",
				);
				GCC_WARN_64_TO_32_BIT_CONVERSION = YES;
				GCC_WARN_ABOUT_RETURN_TYPE = YES_ERROR;
				GCC_WARN_UNDECLARED_SELECTOR = YES;
				GCC_WARN_UNINITIALIZED_AUTOS = YES_AGGRESSIVE;
				GCC_WARN_UNUSED_FUNCTION = YES;
				GCC_WARN_UNUSED_VARIABLE = YES;
				IPHONEOS_DEPLOYMENT_TARGET = 14.2;
				MTL_ENABLE_DEBUG_INFO = INCLUDE_SOURCE;
				MTL_FAST_MATH = YES;
				ONLY_ACTIVE_ARCH = YES;
				SDKROOT = iphoneos;
				SWIFT_ACTIVE_COMPILATION_CONDITIONS = DEBUG;
				SWIFT_OPTIMIZATION_LEVEL = "-Onone";
			};
			name = Debug;
		};
		8454F58825894C1300F45F40 /* Release */ = {
			isa = XCBuildConfiguration;
			buildSettings = {
				ALWAYS_SEARCH_USER_PATHS = NO;
				CLANG_ANALYZER_NONNULL = YES;
				CLANG_ANALYZER_NUMBER_OBJECT_CONVERSION = YES_AGGRESSIVE;
				CLANG_CXX_LANGUAGE_STANDARD = "gnu++14";
				CLANG_CXX_LIBRARY = "libc++";
				CLANG_ENABLE_MODULES = YES;
				CLANG_ENABLE_OBJC_ARC = YES;
				CLANG_ENABLE_OBJC_WEAK = YES;
				CLANG_WARN_BLOCK_CAPTURE_AUTORELEASING = YES;
				CLANG_WARN_BOOL_CONVERSION = YES;
				CLANG_WARN_COMMA = YES;
				CLANG_WARN_CONSTANT_CONVERSION = YES;
				CLANG_WARN_DEPRECATED_OBJC_IMPLEMENTATIONS = YES;
				CLANG_WARN_DIRECT_OBJC_ISA_USAGE = YES_ERROR;
				CLANG_WARN_DOCUMENTATION_COMMENTS = YES;
				CLANG_WARN_EMPTY_BODY = YES;
				CLANG_WARN_ENUM_CONVERSION = YES;
				CLANG_WARN_INFINITE_RECURSION = YES;
				CLANG_WARN_INT_CONVERSION = YES;
				CLANG_WARN_NON_LITERAL_NULL_CONVERSION = YES;
				CLANG_WARN_OBJC_IMPLICIT_RETAIN_SELF = YES;
				CLANG_WARN_OBJC_LITERAL_CONVERSION = YES;
				CLANG_WARN_OBJC_ROOT_CLASS = YES_ERROR;
				CLANG_WARN_QUOTED_INCLUDE_IN_FRAMEWORK_HEADER = YES;
				CLANG_WARN_RANGE_LOOP_ANALYSIS = YES;
				CLANG_WARN_STRICT_PROTOTYPES = YES;
				CLANG_WARN_SUSPICIOUS_MOVE = YES;
				CLANG_WARN_UNGUARDED_AVAILABILITY = YES_AGGRESSIVE;
				CLANG_WARN_UNREACHABLE_CODE = YES;
				CLANG_WARN__DUPLICATE_METHOD_MATCH = YES;
				COPY_PHASE_STRIP = NO;
				DEBUG_INFORMATION_FORMAT = "dwarf-with-dsym";
				ENABLE_NS_ASSERTIONS = NO;
				ENABLE_STRICT_OBJC_MSGSEND = YES;
				GCC_C_LANGUAGE_STANDARD = gnu11;
				GCC_NO_COMMON_BLOCKS = YES;
				GCC_WARN_64_TO_32_BIT_CONVERSION = YES;
				GCC_WARN_ABOUT_RETURN_TYPE = YES_ERROR;
				GCC_WARN_UNDECLARED_SELECTOR = YES;
				GCC_WARN_UNINITIALIZED_AUTOS = YES_AGGRESSIVE;
				GCC_WARN_UNUSED_FUNCTION = YES;
				GCC_WARN_UNUSED_VARIABLE = YES;
				IPHONEOS_DEPLOYMENT_TARGET = 14.2;
				MTL_ENABLE_DEBUG_INFO = NO;
				MTL_FAST_MATH = YES;
				SDKROOT = iphoneos;
				SWIFT_COMPILATION_MODE = wholemodule;
				SWIFT_OPTIMIZATION_LEVEL = "-O";
				VALIDATE_PRODUCT = YES;
			};
			name = Release;
		};
		8454F58A25894C1300F45F40 /* Debug */ = {
			isa = XCBuildConfiguration;
			buildSettings = {
				ASSETCATALOG_COMPILER_APPICON_NAME = AppIcon;
				ASSETCATALOG_COMPILER_GLOBAL_ACCENT_COLOR_NAME = AccentColor;
				CODE_SIGN_STYLE = Automatic;
				DEVELOPMENT_TEAM = 5DZ3AVXR7W;
				INFOPLIST_FILE = MyWeather/Info.plist;
				LD_RUNPATH_SEARCH_PATHS = (
					"$(inherited)",
					"@executable_path/Frameworks",
				);
				PRODUCT_BUNDLE_IDENTIFIER = IPV.MyWeather;
				PRODUCT_NAME = "$(TARGET_NAME)";
				SWIFT_VERSION = 5.0;
				TARGETED_DEVICE_FAMILY = "1,2";
			};
			name = Debug;
		};
		8454F58B25894C1300F45F40 /* Release */ = {
			isa = XCBuildConfiguration;
			buildSettings = {
				ASSETCATALOG_COMPILER_APPICON_NAME = AppIcon;
				ASSETCATALOG_COMPILER_GLOBAL_ACCENT_COLOR_NAME = AccentColor;
				CODE_SIGN_STYLE = Automatic;
				DEVELOPMENT_TEAM = 5DZ3AVXR7W;
				INFOPLIST_FILE = MyWeather/Info.plist;
				LD_RUNPATH_SEARCH_PATHS = (
					"$(inherited)",
					"@executable_path/Frameworks",
				);
				PRODUCT_BUNDLE_IDENTIFIER = IPV.MyWeather;
				PRODUCT_NAME = "$(TARGET_NAME)";
				SWIFT_VERSION = 5.0;
				TARGETED_DEVICE_FAMILY = "1,2";
			};
			name = Release;
		};
/* End XCBuildConfiguration section */

/* Begin XCConfigurationList section */
		8454F56D25894C1100F45F40 /* Build configuration list for PBXProject "MyWeather" */ = {
			isa = XCConfigurationList;
			buildConfigurations = (
				8454F58725894C1300F45F40 /* Debug */,
				8454F58825894C1300F45F40 /* Release */,
			);
			defaultConfigurationIsVisible = 0;
			defaultConfigurationName = Release;
		};
		8454F58925894C1300F45F40 /* Build configuration list for PBXNativeTarget "MyWeather" */ = {
			isa = XCConfigurationList;
			buildConfigurations = (
				8454F58A25894C1300F45F40 /* Debug */,
				8454F58B25894C1300F45F40 /* Release */,
			);
			defaultConfigurationIsVisible = 0;
			defaultConfigurationName = Release;
		};
/* End XCConfigurationList section */

/* Begin XCVersionGroup section */
		8454F57E25894C1100F45F40 /* MyWeather.xcdatamodeld */ = {
			isa = XCVersionGroup;
			children = (
				8454F57F25894C1100F45F40 /* MyWeather.xcdatamodel */,
			);
			currentVersion = 8454F57F25894C1100F45F40 /* MyWeather.xcdatamodel */;
			path = MyWeather.xcdatamodeld;
			sourceTree = "<group>";
			versionGroupType = wrapper.xcdatamodel;
		};
/* End XCVersionGroup section */
	};
	rootObject = 8454F56A25894C1100F45F40 /* Project object */;
}
